
Microsoft Visual Studio Solution File, Format Version 12.00
# Visual Studio Version 16
VisualStudioVersion = 16.0.30611.23
MinimumVisualStudioVersion = 10.0.40219.1
Project("{FAE04EC0-301F-11D3-BF4B-00C04F79EFBC}") = "Dictionary", "Dictionary.csproj", "{34D678B8-7BE2-445A-8144-887408F72619}"
EndProject
Global
	GlobalSection(SolutionConfigurationPlatforms) = preSolution
		Debug|Any CPU = Debug|Any CPU
		Release|Any CPU = Release|Any CPU
	EndGlobalSection
	GlobalSection(ProjectConfigurationPlatforms) = postSolution
		{34D678B8-7BE2-445A-8144-887408F72619}.Debug|Any CPU.ActiveCfg = Debug|Any CPU
		{34D678B8-7BE2-445A-8144-887408F72619}.Debug|Any CPU.Build.0 = Debug|Any CPU
		{34D678B8-7BE2-445A-8144-887408F72619}.Release|Any CPU.ActiveCfg = Release|Any CPU
		{34D678B8-7BE2-445A-8144-887408F72619}.Release|Any CPU.Build.0 = Release|Any CPU
	EndGlobalSection
	GlobalSection(SolutionProperties) = preSolution
		HideSolutionNode = FALSE
	EndGlobalSection
	GlobalSection(ExtensibilityGlobals) = postSolution
		SolutionGuid = {AABFA5AE-8922-45C3-AFF3-D9C824A4BA1A}
	EndGlobalSection
EndGlobal
